// !$*UTF8*$!
{
	archiveVersion = 1;
	classes = {
	};
	objectVersion = 46;
	objects = {

/* Begin PBXBuildFile section */
		3E0506FB1329FBCB008378A5 /* cardlist.plist in Resources */ = {isa = PBXBuildFile; fileRef = 3E0506FA1329FBCB008378A5 /* cardlist.plist */; };
		3E05070B132C101A008378A5 /* CardCell.m in Sources */ = {isa = PBXBuildFile; fileRef = 3E05070A132C101A008378A5 /* CardCell.m */; };
		3E26016A1329E50800DC895B /* UIKit.framework in Frameworks */ = {isa = PBXBuildFile; fileRef = 3E2601691329E50800DC895B /* UIKit.framework */; };
		3E26016C1329E50800DC895B /* Foundation.framework in Frameworks */ = {isa = PBXBuildFile; fileRef = 3E26016B1329E50800DC895B /* Foundation.framework */; };
		3E26016E1329E50800DC895B /* CoreGraphics.framework in Frameworks */ = {isa = PBXBuildFile; fileRef = 3E26016D1329E50800DC895B /* CoreGraphics.framework */; };
		3E2601741329E50800DC895B /* InfoPlist.strings in Resources */ = {isa = PBXBuildFile; fileRef = 3E2601721329E50800DC895B /* InfoPlist.strings */; };
		3E2601771329E50800DC895B /* main.m in Sources */ = {isa = PBXBuildFile; fileRef = 3E2601761329E50800DC895B /* main.m */; };
		3E26017A1329E50800DC895B /* DominionatorAppDelegate.m in Sources */ = {isa = PBXBuildFile; fileRef = 3E2601791329E50800DC895B /* DominionatorAppDelegate.m */; };
		3E26017D1329E50800DC895B /* MainWindow.xib in Resources */ = {isa = PBXBuildFile; fileRef = 3E26017B1329E50800DC895B /* MainWindow.xib */; };
		3E2601801329E50800DC895B /* CardsViewController.m in Sources */ = {isa = PBXBuildFile; fileRef = 3E26017F1329E50800DC895B /* CardsViewController.m */; };
		3E2601831329E50800DC895B /* SettingsViewController.m in Sources */ = {isa = PBXBuildFile; fileRef = 3E2601821329E50800DC895B /* SettingsViewController.m */; };
		3E2601861329E50800DC895B /* CardsView.xib in Resources */ = {isa = PBXBuildFile; fileRef = 3E2601841329E50800DC895B /* CardsView.xib */; };
		3E2601891329E50800DC895B /* SettingsView.xib in Resources */ = {isa = PBXBuildFile; fileRef = 3E2601871329E50800DC895B /* SettingsView.xib */; };
		3E2601901329E50800DC895B /* UIKit.framework in Frameworks */ = {isa = PBXBuildFile; fileRef = 3E2601691329E50800DC895B /* UIKit.framework */; };
		3E2601911329E50800DC895B /* Foundation.framework in Frameworks */ = {isa = PBXBuildFile; fileRef = 3E26016B1329E50800DC895B /* Foundation.framework */; };
		3E2601921329E50800DC895B /* CoreGraphics.framework in Frameworks */ = {isa = PBXBuildFile; fileRef = 3E26016D1329E50800DC895B /* CoreGraphics.framework */; };
		3E26019A1329E50800DC895B /* InfoPlist.strings in Resources */ = {isa = PBXBuildFile; fileRef = 3E2601981329E50800DC895B /* InfoPlist.strings */; };
		3E26019D1329E50800DC895B /* DominionatorTests.h in Resources */ = {isa = PBXBuildFile; fileRef = 3E26019C1329E50800DC895B /* DominionatorTests.h */; };
		3E26019F1329E50800DC895B /* DominionatorTests.m in Sources */ = {isa = PBXBuildFile; fileRef = 3E26019E1329E50800DC895B /* DominionatorTests.m */; };
		3E44BF90139B08F1009025D4 /* Cornucopia.png in Resources */ = {isa = PBXBuildFile; fileRef = 3E44BF8E139B08F1009025D4 /* Cornucopia.png */; };
		3E44BF91139B08F1009025D4 /* Cornucopia@2x.png in Resources */ = {isa = PBXBuildFile; fileRef = 3E44BF8F139B08F1009025D4 /* Cornucopia@2x.png */; };
		3E4AF4B2133FFA4100C1B2C1 /* Potion.png in Resources */ = {isa = PBXBuildFile; fileRef = 3E4AF4B0133FFA4100C1B2C1 /* Potion.png */; };
		3E4AF4B3133FFA4100C1B2C1 /* Potion@2x.png in Resources */ = {isa = PBXBuildFile; fileRef = 3E4AF4B1133FFA4100C1B2C1 /* Potion@2x.png */; };
		3E4AF4B7134014A700C1B2C1 /* Coin.png in Resources */ = {isa = PBXBuildFile; fileRef = 3E4AF4B5134014A700C1B2C1 /* Coin.png */; };
		3E4AF4B8134014A700C1B2C1 /* Coin@2x.png in Resources */ = {isa = PBXBuildFile; fileRef = 3E4AF4B6134014A700C1B2C1 /* Coin@2x.png */; };
		3E7AAEC013354DA7009AD73B /* paperstrip_gray1.png in Resources */ = {isa = PBXBuildFile; fileRef = 3E7AAEBA13354DA6009AD73B /* paperstrip_gray1.png */; };
		3E7AAEC113354DA7009AD73B /* paperstrip_gray1@2x.png in Resources */ = {isa = PBXBuildFile; fileRef = 3E7AAEBB13354DA6009AD73B /* paperstrip_gray1@2x.png */; };
		3E7AAEC213354DA7009AD73B /* paperstrip_gray2.png in Resources */ = {isa = PBXBuildFile; fileRef = 3E7AAEBC13354DA6009AD73B /* paperstrip_gray2.png */; };
		3E7AAEC313354DA7009AD73B /* paperstrip_gray2@2x.png in Resources */ = {isa = PBXBuildFile; fileRef = 3E7AAEBD13354DA6009AD73B /* paperstrip_gray2@2x.png */; };
		3E7AAEC413354DA7009AD73B /* paperstrip_gray3.png in Resources */ = {isa = PBXBuildFile; fileRef = 3E7AAEBE13354DA6009AD73B /* paperstrip_gray3.png */; };
		3E7AAEC513354DA7009AD73B /* paperstrip_gray3@2x.png in Resources */ = {isa = PBXBuildFile; fileRef = 3E7AAEBF13354DA6009AD73B /* paperstrip_gray3@2x.png */; };
		3E7AAECF13358704009AD73B /* tear_mask1.png in Resources */ = {isa = PBXBuildFile; fileRef = 3E7AAEC713358701009AD73B /* tear_mask1.png */; };
		3E7AAED013358704009AD73B /* tear_mask1@2x.png in Resources */ = {isa = PBXBuildFile; fileRef = 3E7AAEC813358701009AD73B /* tear_mask1@2x.png */; };
		3E7AAED113358704009AD73B /* tear_mask2.png in Resources */ = {isa = PBXBuildFile; fileRef = 3E7AAEC913358701009AD73B /* tear_mask2.png */; };
		3E7AAED213358704009AD73B /* tear_mask2@2x.png in Resources */ = {isa = PBXBuildFile; fileRef = 3E7AAECA13358702009AD73B /* tear_mask2@2x.png */; };
		3E7AAED313358704009AD73B /* tear_mask3.png in Resources */ = {isa = PBXBuildFile; fileRef = 3E7AAECB13358702009AD73B /* tear_mask3.png */; };
		3E7AAED413358704009AD73B /* tear_mask3@2x.png in Resources */ = {isa = PBXBuildFile; fileRef = 3E7AAECC13358702009AD73B /* tear_mask3@2x.png */; };
		3E7AAED513358704009AD73B /* tear_mask4.png in Resources */ = {isa = PBXBuildFile; fileRef = 3E7AAECD13358703009AD73B /* tear_mask4.png */; };
		3E7AAED613358704009AD73B /* tear_mask4@2x.png in Resources */ = {isa = PBXBuildFile; fileRef = 3E7AAECE13358703009AD73B /* tear_mask4@2x.png */; };
		3E7AAEE11335E0E5009AD73B /* detail_background.png in Resources */ = {isa = PBXBuildFile; fileRef = 3E7AAEDF1335E0E4009AD73B /* detail_background.png */; };
		3E7AAEE21335E0E5009AD73B /* detail_background@2x.png in Resources */ = {isa = PBXBuildFile; fileRef = 3E7AAEE01335E0E4009AD73B /* detail_background@2x.png */; };
		3E7AAF221336C1A4009AD73B /* Alchemy.png in Resources */ = {isa = PBXBuildFile; fileRef = 3E7AAF181336C1A4009AD73B /* Alchemy.png */; };
		3E7AAF231336C1A4009AD73B /* Alchemy@2x.png in Resources */ = {isa = PBXBuildFile; fileRef = 3E7AAF191336C1A4009AD73B /* Alchemy@2x.png */; };
		3E7AAF241336C1A4009AD73B /* Base.png in Resources */ = {isa = PBXBuildFile; fileRef = 3E7AAF1A1336C1A4009AD73B /* Base.png */; };
		3E7AAF251336C1A4009AD73B /* Base@2x.png in Resources */ = {isa = PBXBuildFile; fileRef = 3E7AAF1B1336C1A4009AD73B /* Base@2x.png */; };
		3E7AAF261336C1A4009AD73B /* Intrigue.png in Resources */ = {isa = PBXBuildFile; fileRef = 3E7AAF1C1336C1A4009AD73B /* Intrigue.png */; };
		3E7AAF271336C1A4009AD73B /* Intrigue@2x.png in Resources */ = {isa = PBXBuildFile; fileRef = 3E7AAF1D1336C1A4009AD73B /* Intrigue@2x.png */; };
		3E7AAF281336C1A4009AD73B /* Prosperity.png in Resources */ = {isa = PBXBuildFile; fileRef = 3E7AAF1E1336C1A4009AD73B /* Prosperity.png */; };
		3E7AAF291336C1A4009AD73B /* Prosperity@2x.png in Resources */ = {isa = PBXBuildFile; fileRef = 3E7AAF1F1336C1A4009AD73B /* Prosperity@2x.png */; };
		3E7AAF2A1336C1A4009AD73B /* Seaside.png in Resources */ = {isa = PBXBuildFile; fileRef = 3E7AAF201336C1A4009AD73B /* Seaside.png */; };
		3E7AAF2B1336C1A4009AD73B /* Seaside@2x.png in Resources */ = {isa = PBXBuildFile; fileRef = 3E7AAF211336C1A4009AD73B /* Seaside@2x.png */; };
		3ED3B00C137F35D200A11A7F /* Default.png in Resources */ = {isa = PBXBuildFile; fileRef = 3ED3B00B137F35D200A11A7F /* Default.png */; };
		3ED3B00F137F35ED00A11A7F /* Default@2x.png in Resources */ = {isa = PBXBuildFile; fileRef = 3ED3B00E137F35ED00A11A7F /* Default@2x.png */; };
		3EEE459F13751D6300C1621D /* shield_big.png in Resources */ = {isa = PBXBuildFile; fileRef = 3EEE459D13751D6300C1621D /* shield_big.png */; };
		3EEE45A013751D6300C1621D /* shield_big@2x.png in Resources */ = {isa = PBXBuildFile; fileRef = 3EEE459E13751D6300C1621D /* shield_big@2x.png */; };
		3EEE45CB1375D51600C1621D /* cardrules.html in Resources */ = {isa = PBXBuildFile; fileRef = 3EEE45CA1375D51600C1621D /* cardrules.html */; };
		3EEE45CF1375F75800C1621D /* coin_big.png in Resources */ = {isa = PBXBuildFile; fileRef = 3EEE45CD1375F75800C1621D /* coin_big.png */; };
		3EEE45D01375F75800C1621D /* coin_big@2x.png in Resources */ = {isa = PBXBuildFile; fileRef = 3EEE45CE1375F75800C1621D /* coin_big@2x.png */; };
		3EEE45D31376145C00C1621D /* shield_small.png in Resources */ = {isa = PBXBuildFile; fileRef = 3EEE45D11376145C00C1621D /* shield_small.png */; };
		3EEE45D41376145C00C1621D /* shield_small@2x.png in Resources */ = {isa = PBXBuildFile; fileRef = 3EEE45D21376145C00C1621D /* shield_small@2x.png */; };
		3EEE45D713761B1600C1621D /* coin_small.png in Resources */ = {isa = PBXBuildFile; fileRef = 3EEE45D513761B1600C1621D /* coin_small.png */; };
		3EEE45D813761B1600C1621D /* coin_small@2x.png in Resources */ = {isa = PBXBuildFile; fileRef = 3EEE45D613761B1600C1621D /* coin_small@2x.png */; };
		3EEE45DB1377AC3300C1621D /* DominionCard.m in Sources */ = {isa = PBXBuildFile; fileRef = 3EEE45DA1377AC3300C1621D /* DominionCard.m */; };
		3EEE45DE1378F2B200C1621D /* header_gradient.png in Resources */ = {isa = PBXBuildFile; fileRef = 3EEE45DD1378F2B200C1621D /* header_gradient.png */; };
		3EEE45E1137A2F1D00C1621D /* gear.png in Resources */ = {isa = PBXBuildFile; fileRef = 3EEE45DF137A2F1C00C1621D /* gear.png */; };
		3EEE45E2137A2F1D00C1621D /* gear@2x.png in Resources */ = {isa = PBXBuildFile; fileRef = 3EEE45E0137A2F1D00C1621D /* gear@2x.png */; };
		3EEE45E8137A5AEF00C1621D /* dominionator.png in Resources */ = {isa = PBXBuildFile; fileRef = 3EEE45E7137A5AEF00C1621D /* dominionator.png */; };
		3EEE45EA137A5AFC00C1621D /* dominionator@2x.png in Resources */ = {isa = PBXBuildFile; fileRef = 3EEE45E9137A5AFC00C1621D /* dominionator@2x.png */; };
		3EEE45F5137E4D6300C1621D /* Localizable.strings in Resources */ = {isa = PBXBuildFile; fileRef = 3EEE45F3137E4D6300C1621D /* Localizable.strings */; };
		3EF3999B1409C61100BC8B53 /* SliderCell.m in Sources */ = {isa = PBXBuildFile; fileRef = 3EF3999A1409C61100BC8B53 /* SliderCell.m */; };
		3EFE8B5E132CBB8300AEE21A /* CardDetailViewController.m in Sources */ = {isa = PBXBuildFile; fileRef = 3EFE8B5C132CBB8200AEE21A /* CardDetailViewController.m */; };
		3EFE8B5F132CBB8300AEE21A /* CardDetailViewController.xib in Resources */ = {isa = PBXBuildFile; fileRef = 3EFE8B5D132CBB8300AEE21A /* CardDetailViewController.xib */; };
		3EFE8B65132F238C00AEE21A /* ButtonCell.m in Sources */ = {isa = PBXBuildFile; fileRef = 3EFE8B64132F238B00AEE21A /* ButtonCell.m */; };
/* End PBXBuildFile section */

/* Begin PBXContainerItemProxy section */
		3E2601931329E50800DC895B /* PBXContainerItemProxy */ = {
			isa = PBXContainerItemProxy;
			containerPortal = 3E26015C1329E50800DC895B /* Project object */;
			proxyType = 1;
			remoteGlobalIDString = 3E2601641329E50800DC895B;
			remoteInfo = Dominionator;
		};
/* End PBXContainerItemProxy section */

/* Begin PBXFileReference section */
		3E0506FA1329FBCB008378A5 /* cardlist.plist */ = {isa = PBXFileReference; fileEncoding = 4; lastKnownFileType = text.plist.xml; name = cardlist.plist; path = ../../cardlist.plist; sourceTree = "<group>"; };
		3E050709132C101A008378A5 /* CardCell.h */ = {isa = PBXFileReference; fileEncoding = 4; lastKnownFileType = sourcecode.c.h; path = CardCell.h; sourceTree = "<group>"; };
		3E05070A132C101A008378A5 /* CardCell.m */ = {isa = PBXFileReference; fileEncoding = 4; lastKnownFileType = sourcecode.c.objc; path = CardCell.m; sourceTree = "<group>"; };
		3E2601651329E50800DC895B /* Dominionizer.app */ = {isa = PBXFileReference; explicitFileType = wrapper.application; includeInIndex = 0; path = Dominionizer.app; sourceTree = BUILT_PRODUCTS_DIR; };
		3E2601691329E50800DC895B /* UIKit.framework */ = {isa = PBXFileReference; lastKnownFileType = wrapper.framework; name = UIKit.framework; path = System/Library/Frameworks/UIKit.framework; sourceTree = SDKROOT; };
		3E26016B1329E50800DC895B /* Foundation.framework */ = {isa = PBXFileReference; lastKnownFileType = wrapper.framework; name = Foundation.framework; path = System/Library/Frameworks/Foundation.framework; sourceTree = SDKROOT; };
		3E26016D1329E50800DC895B /* CoreGraphics.framework */ = {isa = PBXFileReference; lastKnownFileType = wrapper.framework; name = CoreGraphics.framework; path = System/Library/Frameworks/CoreGraphics.framework; sourceTree = SDKROOT; };
		3E2601711329E50800DC895B /* Dominionizer-Info.plist */ = {isa = PBXFileReference; lastKnownFileType = text.plist.xml; path = "Dominionizer-Info.plist"; sourceTree = "<group>"; };
		3E2601731329E50800DC895B /* en */ = {isa = PBXFileReference; lastKnownFileType = text.plist.strings; name = en; path = en.lproj/InfoPlist.strings; sourceTree = "<group>"; };
		3E2601751329E50800DC895B /* Dominionizer-Prefix.pch */ = {isa = PBXFileReference; lastKnownFileType = sourcecode.c.h; path = "Dominionizer-Prefix.pch"; sourceTree = "<group>"; };
		3E2601761329E50800DC895B /* main.m */ = {isa = PBXFileReference; lastKnownFileType = sourcecode.c.objc; path = main.m; sourceTree = "<group>"; };
		3E2601781329E50800DC895B /* DominionatorAppDelegate.h */ = {isa = PBXFileReference; lastKnownFileType = sourcecode.c.h; path = DominionatorAppDelegate.h; sourceTree = "<group>"; };
		3E2601791329E50800DC895B /* DominionatorAppDelegate.m */ = {isa = PBXFileReference; lastKnownFileType = sourcecode.c.objc; path = DominionatorAppDelegate.m; sourceTree = "<group>"; };
		3E26017C1329E50800DC895B /* en */ = {isa = PBXFileReference; lastKnownFileType = file.xib; name = en; path = en.lproj/MainWindow.xib; sourceTree = "<group>"; };
		3E26017E1329E50800DC895B /* CardsViewController.h */ = {isa = PBXFileReference; lastKnownFileType = sourcecode.c.h; path = CardsViewController.h; sourceTree = "<group>"; };
		3E26017F1329E50800DC895B /* CardsViewController.m */ = {isa = PBXFileReference; lastKnownFileType = sourcecode.c.objc; path = CardsViewController.m; sourceTree = "<group>"; };
		3E2601811329E50800DC895B /* SettingsViewController.h */ = {isa = PBXFileReference; lastKnownFileType = sourcecode.c.h; path = SettingsViewController.h; sourceTree = "<group>"; };
		3E2601821329E50800DC895B /* SettingsViewController.m */ = {isa = PBXFileReference; lastKnownFileType = sourcecode.c.objc; path = SettingsViewController.m; sourceTree = "<group>"; };
		3E2601851329E50800DC895B /* en */ = {isa = PBXFileReference; lastKnownFileType = file.xib; name = en; path = en.lproj/CardsView.xib; sourceTree = "<group>"; };
		3E2601881329E50800DC895B /* en */ = {isa = PBXFileReference; lastKnownFileType = file.xib; name = en; path = en.lproj/SettingsView.xib; sourceTree = "<group>"; };
		3E26018F1329E50800DC895B /* DominionizerTests.octest */ = {isa = PBXFileReference; explicitFileType = wrapper.cfbundle; includeInIndex = 0; path = DominionizerTests.octest; sourceTree = BUILT_PRODUCTS_DIR; };
		3E2601971329E50800DC895B /* DominionizerTests-Info.plist */ = {isa = PBXFileReference; lastKnownFileType = text.plist.xml; path = "DominionizerTests-Info.plist"; sourceTree = "<group>"; };
		3E2601991329E50800DC895B /* en */ = {isa = PBXFileReference; lastKnownFileType = text.plist.strings; name = en; path = en.lproj/InfoPlist.strings; sourceTree = "<group>"; };
		3E26019B1329E50800DC895B /* DominionizerTests-Prefix.pch */ = {isa = PBXFileReference; lastKnownFileType = sourcecode.c.h; path = "DominionizerTests-Prefix.pch"; sourceTree = "<group>"; };
		3E26019C1329E50800DC895B /* DominionatorTests.h */ = {isa = PBXFileReference; lastKnownFileType = sourcecode.c.h; path = DominionatorTests.h; sourceTree = "<group>"; };
		3E26019E1329E50800DC895B /* DominionatorTests.m */ = {isa = PBXFileReference; lastKnownFileType = sourcecode.c.objc; path = DominionatorTests.m; sourceTree = "<group>"; };
		3E44BF8E139B08F1009025D4 /* Cornucopia.png */ = {isa = PBXFileReference; lastKnownFileType = image.png; path = Cornucopia.png; sourceTree = "<group>"; };
		3E44BF8F139B08F1009025D4 /* Cornucopia@2x.png */ = {isa = PBXFileReference; lastKnownFileType = image.png; path = "Cornucopia@2x.png"; sourceTree = "<group>"; };
		3E4AF4B0133FFA4100C1B2C1 /* Potion.png */ = {isa = PBXFileReference; lastKnownFileType = image.png; path = Potion.png; sourceTree = "<group>"; };
		3E4AF4B1133FFA4100C1B2C1 /* Potion@2x.png */ = {isa = PBXFileReference; lastKnownFileType = image.png; path = "Potion@2x.png"; sourceTree = "<group>"; };
		3E4AF4B5134014A700C1B2C1 /* Coin.png */ = {isa = PBXFileReference; lastKnownFileType = image.png; path = Coin.png; sourceTree = "<group>"; };
		3E4AF4B6134014A700C1B2C1 /* Coin@2x.png */ = {isa = PBXFileReference; lastKnownFileType = image.png; path = "Coin@2x.png"; sourceTree = "<group>"; };
		3E7AAEBA13354DA6009AD73B /* paperstrip_gray1.png */ = {isa = PBXFileReference; lastKnownFileType = image.png; path = paperstrip_gray1.png; sourceTree = "<group>"; };
		3E7AAEBB13354DA6009AD73B /* paperstrip_gray1@2x.png */ = {isa = PBXFileReference; lastKnownFileType = image.png; path = "paperstrip_gray1@2x.png"; sourceTree = "<group>"; };
		3E7AAEBC13354DA6009AD73B /* paperstrip_gray2.png */ = {isa = PBXFileReference; lastKnownFileType = image.png; path = paperstrip_gray2.png; sourceTree = "<group>"; };
		3E7AAEBD13354DA6009AD73B /* paperstrip_gray2@2x.png */ = {isa = PBXFileReference; lastKnownFileType = image.png; path = "paperstrip_gray2@2x.png"; sourceTree = "<group>"; };
		3E7AAEBE13354DA6009AD73B /* paperstrip_gray3.png */ = {isa = PBXFileReference; lastKnownFileType = image.png; path = paperstrip_gray3.png; sourceTree = "<group>"; };
		3E7AAEBF13354DA6009AD73B /* paperstrip_gray3@2x.png */ = {isa = PBXFileReference; lastKnownFileType = image.png; path = "paperstrip_gray3@2x.png"; sourceTree = "<group>"; };
		3E7AAEC713358701009AD73B /* tear_mask1.png */ = {isa = PBXFileReference; lastKnownFileType = image.png; path = tear_mask1.png; sourceTree = "<group>"; };
		3E7AAEC813358701009AD73B /* tear_mask1@2x.png */ = {isa = PBXFileReference; lastKnownFileType = image.png; path = "tear_mask1@2x.png"; sourceTree = "<group>"; };
		3E7AAEC913358701009AD73B /* tear_mask2.png */ = {isa = PBXFileReference; lastKnownFileType = image.png; path = tear_mask2.png; sourceTree = "<group>"; };
		3E7AAECA13358702009AD73B /* tear_mask2@2x.png */ = {isa = PBXFileReference; lastKnownFileType = image.png; path = "tear_mask2@2x.png"; sourceTree = "<group>"; };
		3E7AAECB13358702009AD73B /* tear_mask3.png */ = {isa = PBXFileReference; lastKnownFileType = image.png; path = tear_mask3.png; sourceTree = "<group>"; };
		3E7AAECC13358702009AD73B /* tear_mask3@2x.png */ = {isa = PBXFileReference; lastKnownFileType = image.png; path = "tear_mask3@2x.png"; sourceTree = "<group>"; };
		3E7AAECD13358703009AD73B /* tear_mask4.png */ = {isa = PBXFileReference; lastKnownFileType = image.png; path = tear_mask4.png; sourceTree = "<group>"; };
		3E7AAECE13358703009AD73B /* tear_mask4@2x.png */ = {isa = PBXFileReference; lastKnownFileType = image.png; path = "tear_mask4@2x.png"; sourceTree = "<group>"; };
		3E7AAEDF1335E0E4009AD73B /* detail_background.png */ = {isa = PBXFileReference; lastKnownFileType = image.png; path = detail_background.png; sourceTree = "<group>"; };
		3E7AAEE01335E0E4009AD73B /* detail_background@2x.png */ = {isa = PBXFileReference; lastKnownFileType = image.png; path = "detail_background@2x.png"; sourceTree = "<group>"; };
		3E7AAF181336C1A4009AD73B /* Alchemy.png */ = {isa = PBXFileReference; lastKnownFileType = image.png; path = Alchemy.png; sourceTree = "<group>"; };
		3E7AAF191336C1A4009AD73B /* Alchemy@2x.png */ = {isa = PBXFileReference; lastKnownFileType = image.png; path = "Alchemy@2x.png"; sourceTree = "<group>"; };
		3E7AAF1A1336C1A4009AD73B /* Base.png */ = {isa = PBXFileReference; lastKnownFileType = image.png; path = Base.png; sourceTree = "<group>"; };
		3E7AAF1B1336C1A4009AD73B /* Base@2x.png */ = {isa = PBXFileReference; lastKnownFileType = image.png; path = "Base@2x.png"; sourceTree = "<group>"; };
		3E7AAF1C1336C1A4009AD73B /* Intrigue.png */ = {isa = PBXFileReference; lastKnownFileType = image.png; path = Intrigue.png; sourceTree = "<group>"; };
		3E7AAF1D1336C1A4009AD73B /* Intrigue@2x.png */ = {isa = PBXFileReference; lastKnownFileType = image.png; path = "Intrigue@2x.png"; sourceTree = "<group>"; };
		3E7AAF1E1336C1A4009AD73B /* Prosperity.png */ = {isa = PBXFileReference; lastKnownFileType = image.png; path = Prosperity.png; sourceTree = "<group>"; };
		3E7AAF1F1336C1A4009AD73B /* Prosperity@2x.png */ = {isa = PBXFileReference; lastKnownFileType = image.png; path = "Prosperity@2x.png"; sourceTree = "<group>"; };
		3E7AAF201336C1A4009AD73B /* Seaside.png */ = {isa = PBXFileReference; lastKnownFileType = image.png; path = Seaside.png; sourceTree = "<group>"; };
		3E7AAF211336C1A4009AD73B /* Seaside@2x.png */ = {isa = PBXFileReference; lastKnownFileType = image.png; path = "Seaside@2x.png"; sourceTree = "<group>"; };
		3ED3B00B137F35D200A11A7F /* Default.png */ = {isa = PBXFileReference; lastKnownFileType = image.png; path = Default.png; sourceTree = "<group>"; };
		3ED3B00E137F35ED00A11A7F /* Default@2x.png */ = {isa = PBXFileReference; lastKnownFileType = image.png; path = "Default@2x.png"; sourceTree = "<group>"; };
		3EEE459D13751D6300C1621D /* shield_big.png */ = {isa = PBXFileReference; lastKnownFileType = image.png; path = shield_big.png; sourceTree = "<group>"; };
		3EEE459E13751D6300C1621D /* shield_big@2x.png */ = {isa = PBXFileReference; lastKnownFileType = image.png; path = "shield_big@2x.png"; sourceTree = "<group>"; };
		3EEE45CA1375D51600C1621D /* cardrules.html */ = {isa = PBXFileReference; fileEncoding = 4; lastKnownFileType = text.html; path = cardrules.html; sourceTree = "<group>"; };
		3EEE45CD1375F75800C1621D /* coin_big.png */ = {isa = PBXFileReference; lastKnownFileType = image.png; path = coin_big.png; sourceTree = "<group>"; };
		3EEE45CE1375F75800C1621D /* coin_big@2x.png */ = {isa = PBXFileReference; lastKnownFileType = image.png; path = "coin_big@2x.png"; sourceTree = "<group>"; };
		3EEE45D11376145C00C1621D /* shield_small.png */ = {isa = PBXFileReference; lastKnownFileType = image.png; path = shield_small.png; sourceTree = "<group>"; };
		3EEE45D21376145C00C1621D /* shield_small@2x.png */ = {isa = PBXFileReference; lastKnownFileType = image.png; path = "shield_small@2x.png"; sourceTree = "<group>"; };
		3EEE45D513761B1600C1621D /* coin_small.png */ = {isa = PBXFileReference; lastKnownFileType = image.png; path = coin_small.png; sourceTree = "<group>"; };
		3EEE45D613761B1600C1621D /* coin_small@2x.png */ = {isa = PBXFileReference; lastKnownFileType = image.png; path = "coin_small@2x.png"; sourceTree = "<group>"; };
		3EEE45D91377AC3300C1621D /* DominionCard.h */ = {isa = PBXFileReference; fileEncoding = 4; lastKnownFileType = sourcecode.c.h; path = DominionCard.h; sourceTree = "<group>"; };
		3EEE45DA1377AC3300C1621D /* DominionCard.m */ = {isa = PBXFileReference; fileEncoding = 4; lastKnownFileType = sourcecode.c.objc; path = DominionCard.m; sourceTree = "<group>"; };
		3EEE45DD1378F2B200C1621D /* header_gradient.png */ = {isa = PBXFileReference; lastKnownFileType = image.png; path = header_gradient.png; sourceTree = "<group>"; };
		3EEE45DF137A2F1C00C1621D /* gear.png */ = {isa = PBXFileReference; lastKnownFileType = image.png; path = gear.png; sourceTree = "<group>"; };
		3EEE45E0137A2F1D00C1621D /* gear@2x.png */ = {isa = PBXFileReference; lastKnownFileType = image.png; path = "gear@2x.png"; sourceTree = "<group>"; };
		3EEE45E7137A5AEF00C1621D /* dominionator.png */ = {isa = PBXFileReference; lastKnownFileType = image.png; path = dominionator.png; sourceTree = "<group>"; };
		3EEE45E9137A5AFC00C1621D /* dominionator@2x.png */ = {isa = PBXFileReference; lastKnownFileType = image.png; path = "dominionator@2x.png"; sourceTree = "<group>"; };
		3EEE45F4137E4D6300C1621D /* en */ = {isa = PBXFileReference; lastKnownFileType = text.plist.strings; name = en; path = en.lproj/Localizable.strings; sourceTree = "<group>"; };
		3EF399991409C61100BC8B53 /* SliderCell.h */ = {isa = PBXFileReference; fileEncoding = 4; lastKnownFileType = sourcecode.c.h; path = SliderCell.h; sourceTree = "<group>"; };
		3EF3999A1409C61100BC8B53 /* SliderCell.m */ = {isa = PBXFileReference; fileEncoding = 4; lastKnownFileType = sourcecode.c.objc; path = SliderCell.m; sourceTree = "<group>"; };
		3EFE8B5B132CBB8200AEE21A /* CardDetailViewController.h */ = {isa = PBXFileReference; fileEncoding = 4; lastKnownFileType = sourcecode.c.h; path = CardDetailViewController.h; sourceTree = "<group>"; };
		3EFE8B5C132CBB8200AEE21A /* CardDetailViewController.m */ = {isa = PBXFileReference; fileEncoding = 4; lastKnownFileType = sourcecode.c.objc; path = CardDetailViewController.m; sourceTree = "<group>"; };
		3EFE8B5D132CBB8300AEE21A /* CardDetailViewController.xib */ = {isa = PBXFileReference; fileEncoding = 4; lastKnownFileType = file.xib; path = CardDetailViewController.xib; sourceTree = "<group>"; };
		3EFE8B63132F238A00AEE21A /* ButtonCell.h */ = {isa = PBXFileReference; fileEncoding = 4; lastKnownFileType = sourcecode.c.h; path = ButtonCell.h; sourceTree = "<group>"; };
		3EFE8B64132F238B00AEE21A /* ButtonCell.m */ = {isa = PBXFileReference; fileEncoding = 4; lastKnownFileType = sourcecode.c.objc; path = ButtonCell.m; sourceTree = "<group>"; };
/* End PBXFileReference section */

/* Begin PBXFrameworksBuildPhase section */
		3E2601621329E50800DC895B /* Frameworks */ = {
			isa = PBXFrameworksBuildPhase;
			buildActionMask = 2147483647;
			files = (
				3E26016A1329E50800DC895B /* UIKit.framework in Frameworks */,
				3E26016C1329E50800DC895B /* Foundation.framework in Frameworks */,
				3E26016E1329E50800DC895B /* CoreGraphics.framework in Frameworks */,
			);
			runOnlyForDeploymentPostprocessing = 0;
		};
		3E26018B1329E50800DC895B /* Frameworks */ = {
			isa = PBXFrameworksBuildPhase;
			buildActionMask = 2147483647;
			files = (
				3E2601901329E50800DC895B /* UIKit.framework in Frameworks */,
				3E2601911329E50800DC895B /* Foundation.framework in Frameworks */,
				3E2601921329E50800DC895B /* CoreGraphics.framework in Frameworks */,
			);
			runOnlyForDeploymentPostprocessing = 0;
		};
/* End PBXFrameworksBuildPhase section */

/* Begin PBXGroup section */
		3E26015A1329E50800DC895B = {
			isa = PBXGroup;
			children = (
				3ED3B00E137F35ED00A11A7F /* Default@2x.png */,
				3ED3B00B137F35D200A11A7F /* Default.png */,
				3EEE45E9137A5AFC00C1621D /* dominionator@2x.png */,
				3EEE45E7137A5AEF00C1621D /* dominionator.png */,
				3E26016F1329E50800DC895B /* Dominionator */,
				3E2601951329E50800DC895B /* DominionatorTests */,
				3E2601681329E50800DC895B /* Frameworks */,
				3E2601661329E50800DC895B /* Products */,
			);
			sourceTree = "<group>";
		};
		3E2601661329E50800DC895B /* Products */ = {
			isa = PBXGroup;
			children = (
				3E2601651329E50800DC895B /* Dominionizer.app */,
				3E26018F1329E50800DC895B /* DominionizerTests.octest */,
			);
			name = Products;
			sourceTree = "<group>";
		};
		3E2601681329E50800DC895B /* Frameworks */ = {
			isa = PBXGroup;
			children = (
				3E2601691329E50800DC895B /* UIKit.framework */,
				3E26016B1329E50800DC895B /* Foundation.framework */,
				3E26016D1329E50800DC895B /* CoreGraphics.framework */,
			);
			name = Frameworks;
			sourceTree = "<group>";
		};
		3E26016F1329E50800DC895B /* Dominionator */ = {
			isa = PBXGroup;
			children = (
				3E2601781329E50800DC895B /* DominionatorAppDelegate.h */,
				3E2601791329E50800DC895B /* DominionatorAppDelegate.m */,
				3E26017E1329E50800DC895B /* CardsViewController.h */,
				3E26017F1329E50800DC895B /* CardsViewController.m */,
				3E050709132C101A008378A5 /* CardCell.h */,
				3E05070A132C101A008378A5 /* CardCell.m */,
				3EFE8B5B132CBB8200AEE21A /* CardDetailViewController.h */,
				3EFE8B5C132CBB8200AEE21A /* CardDetailViewController.m */,
				3E2601811329E50800DC895B /* SettingsViewController.h */,
				3E2601821329E50800DC895B /* SettingsViewController.m */,
				3EFE8B63132F238A00AEE21A /* ButtonCell.h */,
				3EFE8B64132F238B00AEE21A /* ButtonCell.m */,
				3EF399991409C61100BC8B53 /* SliderCell.h */,
				3EF3999A1409C61100BC8B53 /* SliderCell.m */,
				3EEE45D91377AC3300C1621D /* DominionCard.h */,
				3EEE45DA1377AC3300C1621D /* DominionCard.m */,
				3EEE45DC1377B72E00C1621D /* Resources */,
				3E2601701329E50800DC895B /* Supporting Files */,
			);
			path = Dominionator;
			sourceTree = "<group>";
		};
		3E2601701329E50800DC895B /* Supporting Files */ = {
			isa = PBXGroup;
			children = (
				3EEE45F3137E4D6300C1621D /* Localizable.strings */,
				3E2601711329E50800DC895B /* Dominionizer-Info.plist */,
				3E2601721329E50800DC895B /* InfoPlist.strings */,
				3E2601751329E50800DC895B /* Dominionizer-Prefix.pch */,
				3E2601761329E50800DC895B /* main.m */,
			);
			name = "Supporting Files";
			sourceTree = "<group>";
		};
		3E2601951329E50800DC895B /* DominionatorTests */ = {
			isa = PBXGroup;
			children = (
				3E26019C1329E50800DC895B /* DominionatorTests.h */,
				3E26019E1329E50800DC895B /* DominionatorTests.m */,
				3E2601961329E50800DC895B /* Supporting Files */,
			);
			path = DominionatorTests;
			sourceTree = "<group>";
		};
		3E2601961329E50800DC895B /* Supporting Files */ = {
			isa = PBXGroup;
			children = (
				3E2601971329E50800DC895B /* DominionizerTests-Info.plist */,
				3E2601981329E50800DC895B /* InfoPlist.strings */,
				3E26019B1329E50800DC895B /* DominionizerTests-Prefix.pch */,
			);
			name = "Supporting Files";
			sourceTree = "<group>";
		};
		3E7AAED713358717009AD73B /* Images */ = {
			isa = PBXGroup;
			children = (
				3E44BF8E139B08F1009025D4 /* Cornucopia.png */,
				3E44BF8F139B08F1009025D4 /* Cornucopia@2x.png */,
				3EEE45DF137A2F1C00C1621D /* gear.png */,
				3EEE45E0137A2F1D00C1621D /* gear@2x.png */,
				3EEE45DD1378F2B200C1621D /* header_gradient.png */,
				3EEE45D513761B1600C1621D /* coin_small.png */,
				3EEE45D613761B1600C1621D /* coin_small@2x.png */,
				3EEE45D11376145C00C1621D /* shield_small.png */,
				3EEE45D21376145C00C1621D /* shield_small@2x.png */,
				3EEE45CD1375F75800C1621D /* coin_big.png */,
				3EEE45CE1375F75800C1621D /* coin_big@2x.png */,
				3EEE459D13751D6300C1621D /* shield_big.png */,
				3EEE459E13751D6300C1621D /* shield_big@2x.png */,
				3E4AF4B5134014A700C1B2C1 /* Coin.png */,
				3E4AF4B6134014A700C1B2C1 /* Coin@2x.png */,
				3E4AF4B0133FFA4100C1B2C1 /* Potion.png */,
				3E4AF4B1133FFA4100C1B2C1 /* Potion@2x.png */,
				3E7AAF181336C1A4009AD73B /* Alchemy.png */,
				3E7AAF191336C1A4009AD73B /* Alchemy@2x.png */,
				3E7AAF1A1336C1A4009AD73B /* Base.png */,
				3E7AAF1B1336C1A4009AD73B /* Base@2x.png */,
				3E7AAF1C1336C1A4009AD73B /* Intrigue.png */,
				3E7AAF1D1336C1A4009AD73B /* Intrigue@2x.png */,
				3E7AAF1E1336C1A4009AD73B /* Prosperity.png */,
				3E7AAF1F1336C1A4009AD73B /* Prosperity@2x.png */,
				3E7AAF201336C1A4009AD73B /* Seaside.png */,
				3E7AAF211336C1A4009AD73B /* Seaside@2x.png */,
				3E7AAEDF1335E0E4009AD73B /* detail_background.png */,
				3E7AAEE01335E0E4009AD73B /* detail_background@2x.png */,
				3E7AAEBA13354DA6009AD73B /* paperstrip_gray1.png */,
				3E7AAEBB13354DA6009AD73B /* paperstrip_gray1@2x.png */,
				3E7AAEBC13354DA6009AD73B /* paperstrip_gray2.png */,
				3E7AAEBD13354DA6009AD73B /* paperstrip_gray2@2x.png */,
				3E7AAEBE13354DA6009AD73B /* paperstrip_gray3.png */,
				3E7AAEBF13354DA6009AD73B /* paperstrip_gray3@2x.png */,
				3E7AAEC713358701009AD73B /* tear_mask1.png */,
				3E7AAEC813358701009AD73B /* tear_mask1@2x.png */,
				3E7AAEC913358701009AD73B /* tear_mask2.png */,
				3E7AAECA13358702009AD73B /* tear_mask2@2x.png */,
				3E7AAECB13358702009AD73B /* tear_mask3.png */,
				3E7AAECC13358702009AD73B /* tear_mask3@2x.png */,
				3E7AAECD13358703009AD73B /* tear_mask4.png */,
				3E7AAECE13358703009AD73B /* tear_mask4@2x.png */,
			);
			name = Images;
			sourceTree = "<group>";
		};
		3EEE45DC1377B72E00C1621D /* Resources */ = {
			isa = PBXGroup;
			children = (
				3E7AAED713358717009AD73B /* Images */,
				3EEE45CA1375D51600C1621D /* cardrules.html */,
				3E0506FA1329FBCB008378A5 /* cardlist.plist */,
				3E26017B1329E50800DC895B /* MainWindow.xib */,
				3E2601841329E50800DC895B /* CardsView.xib */,
				3E2601871329E50800DC895B /* SettingsView.xib */,
				3EFE8B5D132CBB8300AEE21A /* CardDetailViewController.xib */,
			);
			name = Resources;
			sourceTree = "<group>";
		};
/* End PBXGroup section */

/* Begin PBXNativeTarget section */
		3E2601641329E50800DC895B /* Dominionizer */ = {
			isa = PBXNativeTarget;
			buildConfigurationList = 3E2601A21329E50800DC895B /* Build configuration list for PBXNativeTarget "Dominionizer" */;
			buildPhases = (
				3E2601611329E50800DC895B /* Sources */,
				3E2601621329E50800DC895B /* Frameworks */,
				3E2601631329E50800DC895B /* Resources */,
			);
			buildRules = (
			);
			dependencies = (
			);
			name = Dominionizer;
			productName = Dominionator;
			productReference = 3E2601651329E50800DC895B /* Dominionizer.app */;
			productType = "com.apple.product-type.application";
		};
		3E26018E1329E50800DC895B /* DominionizerTests */ = {
			isa = PBXNativeTarget;
			buildConfigurationList = 3E2601A51329E50800DC895B /* Build configuration list for PBXNativeTarget "DominionizerTests" */;
			buildPhases = (
				3E26018A1329E50800DC895B /* Sources */,
				3E26018B1329E50800DC895B /* Frameworks */,
				3E26018C1329E50800DC895B /* Resources */,
				3E26018D1329E50800DC895B /* ShellScript */,
			);
			buildRules = (
			);
			dependencies = (
				3E2601941329E50800DC895B /* PBXTargetDependency */,
			);
			name = DominionizerTests;
			productName = DominionatorTests;
			productReference = 3E26018F1329E50800DC895B /* DominionizerTests.octest */;
			productType = "com.apple.product-type.bundle";
		};
/* End PBXNativeTarget section */

/* Begin PBXProject section */
		3E26015C1329E50800DC895B /* Project object */ = {
			isa = PBXProject;
			buildConfigurationList = 3E26015F1329E50800DC895B /* Build configuration list for PBXProject "Dominionizer" */;
			compatibilityVersion = "Xcode 3.2";
			developmentRegion = English;
			hasScannedForEncodings = 0;
			knownRegions = (
				en,
			);
			mainGroup = 3E26015A1329E50800DC895B;
			productRefGroup = 3E2601661329E50800DC895B /* Products */;
			projectDirPath = "";
			projectRoot = "";
			targets = (
				3E2601641329E50800DC895B /* Dominionizer */,
				3E26018E1329E50800DC895B /* DominionizerTests */,
			);
		};
/* End PBXProject section */

/* Begin PBXResourcesBuildPhase section */
		3E2601631329E50800DC895B /* Resources */ = {
			isa = PBXResourcesBuildPhase;
			buildActionMask = 2147483647;
			files = (
				3E2601741329E50800DC895B /* InfoPlist.strings in Resources */,
				3E26017D1329E50800DC895B /* MainWindow.xib in Resources */,
				3E2601861329E50800DC895B /* CardsView.xib in Resources */,
				3E2601891329E50800DC895B /* SettingsView.xib in Resources */,
				3E0506FB1329FBCB008378A5 /* cardlist.plist in Resources */,
				3EFE8B5F132CBB8300AEE21A /* CardDetailViewController.xib in Resources */,
				3E7AAEC013354DA7009AD73B /* paperstrip_gray1.png in Resources */,
				3E7AAEC113354DA7009AD73B /* paperstrip_gray1@2x.png in Resources */,
				3E7AAEC213354DA7009AD73B /* paperstrip_gray2.png in Resources */,
				3E7AAEC313354DA7009AD73B /* paperstrip_gray2@2x.png in Resources */,
				3E7AAEC413354DA7009AD73B /* paperstrip_gray3.png in Resources */,
				3E7AAEC513354DA7009AD73B /* paperstrip_gray3@2x.png in Resources */,
				3E7AAECF13358704009AD73B /* tear_mask1.png in Resources */,
				3E7AAED013358704009AD73B /* tear_mask1@2x.png in Resources */,
				3E7AAED113358704009AD73B /* tear_mask2.png in Resources */,
				3E7AAED213358704009AD73B /* tear_mask2@2x.png in Resources */,
				3E7AAED313358704009AD73B /* tear_mask3.png in Resources */,
				3E7AAED413358704009AD73B /* tear_mask3@2x.png in Resources */,
				3E7AAED513358704009AD73B /* tear_mask4.png in Resources */,
				3E7AAED613358704009AD73B /* tear_mask4@2x.png in Resources */,
				3E7AAEE11335E0E5009AD73B /* detail_background.png in Resources */,
				3E7AAEE21335E0E5009AD73B /* detail_background@2x.png in Resources */,
				3E7AAF221336C1A4009AD73B /* Alchemy.png in Resources */,
				3E7AAF231336C1A4009AD73B /* Alchemy@2x.png in Resources */,
				3E7AAF241336C1A4009AD73B /* Base.png in Resources */,
				3E7AAF251336C1A4009AD73B /* Base@2x.png in Resources */,
				3E7AAF261336C1A4009AD73B /* Intrigue.png in Resources */,
				3E7AAF271336C1A4009AD73B /* Intrigue@2x.png in Resources */,
				3E7AAF281336C1A4009AD73B /* Prosperity.png in Resources */,
				3E7AAF291336C1A4009AD73B /* Prosperity@2x.png in Resources */,
				3E7AAF2A1336C1A4009AD73B /* Seaside.png in Resources */,
				3E7AAF2B1336C1A4009AD73B /* Seaside@2x.png in Resources */,
				3E4AF4B2133FFA4100C1B2C1 /* Potion.png in Resources */,
				3E4AF4B3133FFA4100C1B2C1 /* Potion@2x.png in Resources */,
				3E4AF4B7134014A700C1B2C1 /* Coin.png in Resources */,
				3E4AF4B8134014A700C1B2C1 /* Coin@2x.png in Resources */,
				3EEE459F13751D6300C1621D /* shield_big.png in Resources */,
				3EEE45A013751D6300C1621D /* shield_big@2x.png in Resources */,
				3EEE45CB1375D51600C1621D /* cardrules.html in Resources */,
				3EEE45CF1375F75800C1621D /* coin_big.png in Resources */,
				3EEE45D01375F75800C1621D /* coin_big@2x.png in Resources */,
				3EEE45D31376145C00C1621D /* shield_small.png in Resources */,
				3EEE45D41376145C00C1621D /* shield_small@2x.png in Resources */,
				3EEE45D713761B1600C1621D /* coin_small.png in Resources */,
				3EEE45D813761B1600C1621D /* coin_small@2x.png in Resources */,
				3EEE45DE1378F2B200C1621D /* header_gradient.png in Resources */,
				3EEE45E1137A2F1D00C1621D /* gear.png in Resources */,
				3EEE45E2137A2F1D00C1621D /* gear@2x.png in Resources */,
				3EEE45E8137A5AEF00C1621D /* dominionator.png in Resources */,
				3EEE45EA137A5AFC00C1621D /* dominionator@2x.png in Resources */,
				3EEE45F5137E4D6300C1621D /* Localizable.strings in Resources */,
				3ED3B00C137F35D200A11A7F /* Default.png in Resources */,
				3ED3B00F137F35ED00A11A7F /* Default@2x.png in Resources */,
				3E44BF90139B08F1009025D4 /* Cornucopia.png in Resources */,
				3E44BF91139B08F1009025D4 /* Cornucopia@2x.png in Resources */,
			);
			runOnlyForDeploymentPostprocessing = 0;
		};
		3E26018C1329E50800DC895B /* Resources */ = {
			isa = PBXResourcesBuildPhase;
			buildActionMask = 2147483647;
			files = (
				3E26019A1329E50800DC895B /* InfoPlist.strings in Resources */,
				3E26019D1329E50800DC895B /* DominionatorTests.h in Resources */,
			);
			runOnlyForDeploymentPostprocessing = 0;
		};
/* End PBXResourcesBuildPhase section */

/* Begin PBXShellScriptBuildPhase section */
		3E26018D1329E50800DC895B /* ShellScript */ = {
			isa = PBXShellScriptBuildPhase;
			buildActionMask = 2147483647;
			files = (
			);
			inputPaths = (
			);
			outputPaths = (
			);
			runOnlyForDeploymentPostprocessing = 0;
			shellPath = /bin/sh;
			shellScript = "# Run the unit tests in this test bundle.\n\"${SYSTEM_DEVELOPER_DIR}/Tools/RunUnitTests\"\n";
		};
/* End PBXShellScriptBuildPhase section */

/* Begin PBXSourcesBuildPhase section */
		3E2601611329E50800DC895B /* Sources */ = {
			isa = PBXSourcesBuildPhase;
			buildActionMask = 2147483647;
			files = (
				3E2601771329E50800DC895B /* main.m in Sources */,
				3E26017A1329E50800DC895B /* DominionatorAppDelegate.m in Sources */,
				3E2601801329E50800DC895B /* CardsViewController.m in Sources */,
				3E2601831329E50800DC895B /* SettingsViewController.m in Sources */,
				3E05070B132C101A008378A5 /* CardCell.m in Sources */,
				3EFE8B5E132CBB8300AEE21A /* CardDetailViewController.m in Sources */,
				3EFE8B65132F238C00AEE21A /* ButtonCell.m in Sources */,
				3EEE45DB1377AC3300C1621D /* DominionCard.m in Sources */,
				3EF3999B1409C61100BC8B53 /* SliderCell.m in Sources */,
			);
			runOnlyForDeploymentPostprocessing = 0;
		};
		3E26018A1329E50800DC895B /* Sources */ = {
			isa = PBXSourcesBuildPhase;
			buildActionMask = 2147483647;
			files = (
				3E26019F1329E50800DC895B /* DominionatorTests.m in Sources */,
			);
			runOnlyForDeploymentPostprocessing = 0;
		};
/* End PBXSourcesBuildPhase section */

/* Begin PBXTargetDependency section */
		3E2601941329E50800DC895B /* PBXTargetDependency */ = {
			isa = PBXTargetDependency;
			target = 3E2601641329E50800DC895B /* Dominionizer */;
			targetProxy = 3E2601931329E50800DC895B /* PBXContainerItemProxy */;
		};
/* End PBXTargetDependency section */

/* Begin PBXVariantGroup section */
		3E2601721329E50800DC895B /* InfoPlist.strings */ = {
			isa = PBXVariantGroup;
			children = (
				3E2601731329E50800DC895B /* en */,
			);
			name = InfoPlist.strings;
			sourceTree = "<group>";
		};
		3E26017B1329E50800DC895B /* MainWindow.xib */ = {
			isa = PBXVariantGroup;
			children = (
				3E26017C1329E50800DC895B /* en */,
			);
			name = MainWindow.xib;
			sourceTree = "<group>";
		};
		3E2601841329E50800DC895B /* CardsView.xib */ = {
			isa = PBXVariantGroup;
			children = (
				3E2601851329E50800DC895B /* en */,
			);
			name = CardsView.xib;
			sourceTree = "<group>";
		};
		3E2601871329E50800DC895B /* SettingsView.xib */ = {
			isa = PBXVariantGroup;
			children = (
				3E2601881329E50800DC895B /* en */,
			);
			name = SettingsView.xib;
			sourceTree = "<group>";
		};
		3E2601981329E50800DC895B /* InfoPlist.strings */ = {
			isa = PBXVariantGroup;
			children = (
				3E2601991329E50800DC895B /* en */,
			);
			name = InfoPlist.strings;
			sourceTree = "<group>";
		};
		3EEE45F3137E4D6300C1621D /* Localizable.strings */ = {
			isa = PBXVariantGroup;
			children = (
				3EEE45F4137E4D6300C1621D /* en */,
			);
			name = Localizable.strings;
			sourceTree = "<group>";
		};
/* End PBXVariantGroup section */

/* Begin XCBuildConfiguration section */
		3E2601A01329E50800DC895B /* Debug */ = {
			isa = XCBuildConfiguration;
			buildSettings = {
				ARCHS = "$(ARCHS_STANDARD_32_BIT)";
				"CODE_SIGN_IDENTITY[sdk=iphoneos*]" = "iPhone Developer";
				GCC_C_LANGUAGE_STANDARD = gnu99;
				GCC_OPTIMIZATION_LEVEL = 0;
				GCC_PREPROCESSOR_DEFINITIONS = DEBUG;
				GCC_SYMBOLS_PRIVATE_EXTERN = NO;
				GCC_VERSION = com.apple.compilers.llvmgcc42;
				GCC_WARN_ABOUT_RETURN_TYPE = YES;
				GCC_WARN_UNUSED_VARIABLE = YES;
				IPHONEOS_DEPLOYMENT_TARGET = 4.3;
				SDKROOT = iphoneos;
			};
			name = Debug;
		};
		3E2601A11329E50800DC895B /* Release */ = {
			isa = XCBuildConfiguration;
			buildSettings = {
				ARCHS = "$(ARCHS_STANDARD_32_BIT)";
				"CODE_SIGN_IDENTITY[sdk=iphoneos*]" = "iPhone Developer";
				GCC_C_LANGUAGE_STANDARD = gnu99;
				GCC_VERSION = com.apple.compilers.llvmgcc42;
				GCC_WARN_ABOUT_RETURN_TYPE = YES;
				GCC_WARN_UNUSED_VARIABLE = YES;
				IPHONEOS_DEPLOYMENT_TARGET = 4.3;
				OTHER_CFLAGS = "-DNS_BLOCK_ASSERTIONS=1";
				SDKROOT = iphoneos;
			};
			name = Release;
		};
		3E2601A31329E50800DC895B /* Debug */ = {
			isa = XCBuildConfiguration;
			buildSettings = {
				ALWAYS_SEARCH_USER_PATHS = NO;
				COPY_PHASE_STRIP = NO;
				GCC_DYNAMIC_NO_PIC = NO;
				GCC_PRECOMPILE_PREFIX_HEADER = YES;
				GCC_PREFIX_HEADER = "Dominionator/Dominionizer-Prefix.pch";
				INFOPLIST_FILE = "Dominionator/Dominionizer-Info.plist";
				IPHONEOS_DEPLOYMENT_TARGET = 4.2;
				PRODUCT_NAME = Dominionizer;
				WRAPPER_EXTENSION = app;
			};
			name = Debug;
		};
		3E2601A41329E50800DC895B /* Release */ = {
			isa = XCBuildConfiguration;
			buildSettings = {
				ALWAYS_SEARCH_USER_PATHS = NO;
				COPY_PHASE_STRIP = YES;
				GCC_PRECOMPILE_PREFIX_HEADER = YES;
				GCC_PREFIX_HEADER = "Dominionator/Dominionizer-Prefix.pch";
				INFOPLIST_FILE = "Dominionator/Dominionizer-Info.plist";
				IPHONEOS_DEPLOYMENT_TARGET = 4.2;
				PRODUCT_NAME = Dominionizer;
				VALIDATE_PRODUCT = YES;
				WRAPPER_EXTENSION = app;
			};
			name = Release;
		};
		3E2601A61329E50800DC895B /* Debug */ = {
			isa = XCBuildConfiguration;
			buildSettings = {
				ALWAYS_SEARCH_USER_PATHS = NO;
				BUNDLE_LOADER = "$(BUILT_PRODUCTS_DIR)/Dominionator.app/Dominionator";
				FRAMEWORK_SEARCH_PATHS = (
					"$(SDKROOT)/Developer/Library/Frameworks",
					"$(DEVELOPER_LIBRARY_DIR)/Frameworks",
				);
				GCC_PRECOMPILE_PREFIX_HEADER = YES;
				GCC_PREFIX_HEADER = "DominionatorTests/DominionizerTests-Prefix.pch";
				INFOPLIST_FILE = "DominionatorTests/DominionizerTests-Info.plist";
				OTHER_LDFLAGS = (
					"-framework",
					SenTestingKit,
				);
				PRODUCT_NAME = DominionizerTests;
				TEST_HOST = "$(BUNDLE_LOADER)";
				WRAPPER_EXTENSION = octest;
			};
			name = Debug;
		};
		3E2601A71329E50800DC895B /* Release */ = {
			isa = XCBuildConfiguration;
			buildSettings = {
				ALWAYS_SEARCH_USER_PATHS = NO;
				BUNDLE_LOADER = "$(BUILT_PRODUCTS_DIR)/Dominionator.app/Dominionator";
				FRAMEWORK_SEARCH_PATHS = (
					"$(SDKROOT)/Developer/Library/Frameworks",
					"$(DEVELOPER_LIBRARY_DIR)/Frameworks",
				);
				GCC_PRECOMPILE_PREFIX_HEADER = YES;
				GCC_PREFIX_HEADER = "DominionatorTests/DominionizerTests-Prefix.pch";
				INFOPLIST_FILE = "DominionatorTests/DominionizerTests-Info.plist";
				OTHER_LDFLAGS = (
					"-framework",
					SenTestingKit,
				);
				PRODUCT_NAME = DominionizerTests;
				TEST_HOST = "$(BUNDLE_LOADER)";
				WRAPPER_EXTENSION = octest;
			};
			name = Release;
		};
/* End XCBuildConfiguration section */

/* Begin XCConfigurationList section */
		3E26015F1329E50800DC895B /* Build configuration list for PBXProject "Dominionizer" */ = {
			isa = XCConfigurationList;
			buildConfigurations = (
				3E2601A01329E50800DC895B /* Debug */,
				3E2601A11329E50800DC895B /* Release */,
			);
			defaultConfigurationIsVisible = 0;
			defaultConfigurationName = Release;
		};
		3E2601A21329E50800DC895B /* Build configuration list for PBXNativeTarget "Dominionizer" */ = {
			isa = XCConfigurationList;
			buildConfigurations = (
				3E2601A31329E50800DC895B /* Debug */,
				3E2601A41329E50800DC895B /* Release */,
			);
			defaultConfigurationIsVisible = 0;
			defaultConfigurationName = Release;
		};
		3E2601A51329E50800DC895B /* Build configuration list for PBXNativeTarget "DominionizerTests" */ = {
			isa = XCConfigurationList;
			buildConfigurations = (
				3E2601A61329E50800DC895B /* Debug */,
				3E2601A71329E50800DC895B /* Release */,
			);
			defaultConfigurationIsVisible = 0;
			defaultConfigurationName = Release;
		};
/* End XCConfigurationList section */
	};
	rootObject = 3E26015C1329E50800DC895B /* Project object */;
}
